
Microsoft Visual Studio Solution File, Format Version 12.00
# Visual Studio Version 17
VisualStudioVersion = 17.3.32825.248
MinimumVisualStudioVersion = 10.0.40219.1
Project("{FAE04EC0-301F-11D3-BF4B-00C04F79EFBC}") = "Sorting", "Sorting\Sorting.csproj", "{71DD85DE-9E6B-4DDA-9804-85AA5ABE634C}"
EndProject
Global
	GlobalSection(SolutionConfigurationPlatforms) = preSolution
		Debug|Any CPU = Debug|Any CPU
		Release|Any CPU = Release|Any CPU
	EndGlobalSection
	GlobalSection(ProjectConfigurationPlatforms) = postSolution
		{71DD85DE-9E6B-4DDA-9804-85AA5ABE634C}.Debug|Any CPU.ActiveCfg = Debug|Any CPU
		{71DD85DE-9E6B-4DDA-9804-85AA5ABE634C}.Debug|Any CPU.Build.0 = Debug|Any CPU
		{71DD85DE-9E6B-4DDA-9804-85AA5ABE634C}.Release|Any CPU.ActiveCfg = Release|Any CPU
		{71DD85DE-9E6B-4DDA-9804-85AA5ABE634C}.Release|Any CPU.Build.0 = Release|Any CPU
	EndGlobalSection
	GlobalSection(SolutionProperties) = preSolution
		HideSolutionNode = FALSE
	EndGlobalSection
	GlobalSection(ExtensibilityGlobals) = postSolution
		SolutionGuid = {D334E1D7-000D-42B2-8384-D7A9EC0048F5}
	EndGlobalSection
EndGlobal
